
Microsoft Visual Studio Solution File, Format Version 12.00
# Visual Studio Version 17
VisualStudioVersion = 17.5.002.0
MinimumVisualStudioVersion = 10.0.40219.1
Project("{2150E333-8FDC-42A3-9474-1A3956D46DE8}") = "concepts", "concepts", "{B8F0E9DB-F7EE-4A11-97C2-4BC2134A06C4}"
EndProject
Project("{9A19103F-16F7-4668-BE54-9A1E7A4F7556}") = "arrayInt", "concepts\arrayInt\arrayInt.csproj", "{7C974FC7-FC82-4CD7-BB60-1136F481B866}"
EndProject
Global
	GlobalSection(SolutionConfigurationPlatforms) = preSolution
		Debug|Any CPU = Debug|Any CPU
		Release|Any CPU = Release|Any CPU
	EndGlobalSection
	GlobalSection(ProjectConfigurationPlatforms) = postSolution
		{7C974FC7-FC82-4CD7-BB60-1136F481B866}.Debug|Any CPU.ActiveCfg = Debug|Any CPU
		{7C974FC7-FC82-4CD7-BB60-1136F481B866}.Debug|Any CPU.Build.0 = Debug|Any CPU
		{7C974FC7-FC82-4CD7-BB60-1136F481B866}.Release|Any CPU.ActiveCfg = Release|Any CPU
		{7C974FC7-FC82-4CD7-BB60-1136F481B866}.Release|Any CPU.Build.0 = Release|Any CPU
	EndGlobalSection
	GlobalSection(SolutionProperties) = preSolution
		HideSolutionNode = FALSE
	EndGlobalSection
	GlobalSection(NestedProjects) = preSolution
		{7C974FC7-FC82-4CD7-BB60-1136F481B866} = {B8F0E9DB-F7EE-4A11-97C2-4BC2134A06C4}
	EndGlobalSection
	GlobalSection(ExtensibilityGlobals) = postSolution
		SolutionGuid = {D92606AF-CBD6-40A0-B233-51008D191C92}
	EndGlobalSection
EndGlobal
